
Microsoft Visual Studio Solution File, Format Version 12.00
# Visual Studio Version 17
VisualStudioVersion = 17.14.36401.2
MinimumVisualStudioVersion = 10.0.40219.1
Project("{8BC9CEB8-8B4A-11D0-8D11-00A0C91BC942}") = "asteroids", "asteroids.vcxproj", "{A399E58E-7E36-413D-9F3B-B9C39FA4F716}"
EndProject
Global
	GlobalSection(SolutionConfigurationPlatforms) = preSolution
		Debug_ALL|x64 = Debug_ALL|x64
		Debug_ALL|x86 = Debug_ALL|x86
		Debug|x64 = Debug|x64
		Debug|x86 = Debug|x86
		Release_All|x64 = Release_All|x64
		Release_All|x86 = Release_All|x86
		Release|x64 = Release|x64
		Release|x86 = Release|x86
	EndGlobalSection
	GlobalSection(ProjectConfigurationPlatforms) = postSolution
		{A399E58E-7E36-413D-9F3B-B9C39FA4F716}.Debug_ALL|x64.ActiveCfg = Debug_ALL|x64
		{A399E58E-7E36-413D-9F3B-B9C39FA4F716}.Debug_ALL|x64.Build.0 = Debug_ALL|x64
		{A399E58E-7E36-413D-9F3B-B9C39FA4F716}.Debug_ALL|x86.ActiveCfg = Debug_ALL|Win32
		{A399E58E-7E36-413D-9F3B-B9C39FA4F716}.Debug_ALL|x86.Build.0 = Debug_ALL|Win32
		{A399E58E-7E36-413D-9F3B-B9C39FA4F716}.Debug|x64.ActiveCfg = Debug|x64
		{A399E58E-7E36-413D-9F3B-B9C39FA4F716}.Debug|x64.Build.0 = Debug|x64
		{A399E58E-7E36-413D-9F3B-B9C39FA4F716}.Debug|x86.ActiveCfg = Debug|Win32
		{A399E58E-7E36-413D-9F3B-B9C39FA4F716}.Debug|x86.Build.0 = Debug|Win32
		{A399E58E-7E36-413D-9F3B-B9C39FA4F716}.Release_All|x64.ActiveCfg = Release_All|x64
		{A399E58E-7E36-413D-9F3B-B9C39FA4F716}.Release_All|x64.Build.0 = Release_All|x64
		{A399E58E-7E36-413D-9F3B-B9C39FA4F716}.Release_All|x86.ActiveCfg = Release_All|Win32
		{A399E58E-7E36-413D-9F3B-B9C39FA4F716}.Release_All|x86.Build.0 = Release_All|Win32
		{A399E58E-7E36-413D-9F3B-B9C39FA4F716}.Release|x64.ActiveCfg = Release|x64
		{A399E58E-7E36-413D-9F3B-B9C39FA4F716}.Release|x64.Build.0 = Release|x64
		{A399E58E-7E36-413D-9F3B-B9C39FA4F716}.Release|x86.ActiveCfg = Release|Win32
		{A399E58E-7E36-413D-9F3B-B9C39FA4F716}.Release|x86.Build.0 = Release|Win32
	EndGlobalSection
	GlobalSection(SolutionProperties) = preSolution
		HideSolutionNode = FALSE
	EndGlobalSection
	GlobalSection(ExtensibilityGlobals) = postSolution
		SolutionGuid = {382C5C7D-D507-4780-B533-0246447C5BD8}
	EndGlobalSection
EndGlobal
