<?xml version="1.0" encoding="utf-8"?>
<Project ToolsVersion="4.0" xmlns="http://schemas.microsoft.com/developer/msbuild/2003">
  <ItemGroup>
    <Filter Include="Quelldateien">
      <UniqueIdentifier>{4FC737F1-C7A5-4376-A066-2A32D752A2FF}</UniqueIdentifier>
      <Extensions>cpp;c;cc;cxx;c++;cppm;ixx;def;odl;idl;hpj;bat;asm;asmx</Extensions>
    </Filter>
    <Filter Include="Headerdateien">
      <UniqueIdentifier>{93995380-89BD-4b04-88EB-625FBE52EBFB}</UniqueIdentifier>
      <Extensions>h;hh;hpp;hxx;h++;hm;inl;inc;ipp;xsd</Extensions>
    </Filter>
    <Filter Include="docu">
      <UniqueIdentifier>{44266a1c-fd50-4875-af08-09b54ebe02da}</UniqueIdentifier>
    </Filter>
    <Filter Include="Waves">
      <UniqueIdentifier>{e624ca48-4171-4934-ae25-d39a4dba64f4}</UniqueIdentifier>
    </Filter>
    <Filter Include="Resource">
      <UniqueIdentifier>{3a0e266c-7b18-4062-9270-5fd7a45416f2}</UniqueIdentifier>
    </Filter>
  </ItemGroup>
  <ItemGroup>
    <ClCompile Include="system.cpp">
      <Filter>Quelldateien</Filter>
    </ClCompile>
    <ClCompile Include="asteroids.cpp">
      <Filter>Quelldateien</Filter>
    </ClCompile>
    <ClCompile Include="core.cpp">
      <Filter>Quelldateien</Filter>
    </ClCompile>
    <ClCompile Include="gfx.cpp">
      <Filter>Quelldateien</Filter>
    </ClCompile>
    <ClCompile Include="main.cpp">
      <Filter>Quelldateien</Filter>
    </ClCompile>
    <ClCompile Include="Start.cpp">
      <Filter>Quelldateien</Filter>
    </ClCompile>
  </ItemGroup>
  <ItemGroup>
    <ClInclude Include="system.h">
      <Filter>Headerdateien</Filter>
    </ClInclude>
    <ClInclude Include="asteroids.h">
      <Filter>Headerdateien</Filter>
    </ClInclude>
    <ClInclude Include="core.h">
      <Filter>Headerdateien</Filter>
    </ClInclude>
    <ClInclude Include="gfx.h">
      <Filter>Headerdateien</Filter>
    </ClInclude>
    <ClInclude Include="main.h">
      <Filter>Headerdateien</Filter>
    </ClInclude>
    <ClInclude Include="array.h">
      <Filter>Headerdateien</Filter>
    </ClInclude>
    <ClInclude Include="resource.h">
      <Filter>Resource</Filter>
    </ClInclude>
  </ItemGroup>
  <ItemGroup>
    <Text Include="readme.txt">
      <Filter>docu</Filter>
    </Text>
  </ItemGroup>
  <ItemGroup>
    <Media Include="waves\Asthit.wav">
      <Filter>Waves</Filter>
    </Media>
    <Media Include="waves\CollAst.wav">
      <Filter>Waves</Filter>
    </Media>
    <Media Include="waves\Fire.wav">
      <Filter>Waves</Filter>
    </Media>
    <Media Include="waves\Level.wav">
      <Filter>Waves</Filter>
    </Media>
    <Media Include="waves\Shipexpl.wav">
      <Filter>Waves</Filter>
    </Media>
    <Media Include="waves\Start.wav">
      <Filter>Waves</Filter>
    </Media>
  </ItemGroup>
  <ItemGroup>
    <ResourceCompile Include="asteroids.rc">
      <Filter>Resource</Filter>
    </ResourceCompile>
  </ItemGroup>
</Project>